// !$*UTF8*$!
{
	archiveVersion = 1;
	classes = {
	};
	objectVersion = 48;
	objects = {

/* Begin PBXBuildFile section */
		526AC66B1F72DE59000E693C /* AppDelegate.swift in Sources */ = {isa = PBXBuildFile; fileRef = 526AC66A1F72DE59000E693C /* AppDelegate.swift */; };
		526AC66D1F72DE59000E693C /* ViewController.swift in Sources */ = {isa = PBXBuildFile; fileRef = 526AC66C1F72DE59000E693C /* ViewController.swift */; };
		526AC6701F72DE59000E693C /* Main.storyboard in Resources */ = {isa = PBXBuildFile; fileRef = 526AC66E1F72DE59000E693C /* Main.storyboard */; };
		526AC6721F72DE59000E693C /* Assets.xcassets in Resources */ = {isa = PBXBuildFile; fileRef = 526AC6711F72DE59000E693C /* Assets.xcassets */; };
		526AC6751F72DE59000E693C /* LaunchScreen.storyboard in Resources */ = {isa = PBXBuildFile; fileRef = 526AC6731F72DE59000E693C /* LaunchScreen.storyboard */; };
		526AC6801F72DE59000E693C /* cours_12Tests.swift in Sources */ = {isa = PBXBuildFile; fileRef = 526AC67F1F72DE59000E693C /* cours_12Tests.swift */; };
		526AC68B1F72DE59000E693C /* cours_12UITests.swift in Sources */ = {isa = PBXBuildFile; fileRef = 526AC68A1F72DE59000E693C /* cours_12UITests.swift */; };
		526AC6A21F72E76D000E693C /* front.png in Resources */ = {isa = PBXBuildFile; fileRef = 526AC69F1F72E76D000E693C /* front.png */; };
		526AC6A31F72E76D000E693C /* penguin.png in Resources */ = {isa = PBXBuildFile; fileRef = 526AC6A01F72E76D000E693C /* penguin.png */; };
		526AC6A41F72E76D000E693C /* panda.png in Resources */ = {isa = PBXBuildFile; fileRef = 526AC6A11F72E76D000E693C /* panda.png */; };
/* End PBXBuildFile section */

/* Begin PBXContainerItemProxy section */
		526AC67C1F72DE59000E693C /* PBXContainerItemProxy */ = {
			isa = PBXContainerItemProxy;
			containerPortal = 526AC65F1F72DE59000E693C /* Project object */;
			proxyType = 1;
			remoteGlobalIDString = 526AC6661F72DE59000E693C;
			remoteInfo = "cours 12";
		};
		526AC6871F72DE59000E693C /* PBXContainerItemProxy */ = {
			isa = PBXContainerItemProxy;
			containerPortal = 526AC65F1F72DE59000E693C /* Project object */;
			proxyType = 1;
			remoteGlobalIDString = 526AC6661F72DE59000E693C;
			remoteInfo = "cours 12";
		};
/* End PBXContainerItemProxy section */

/* Begin PBXFileReference section */
		526AC6671F72DE59000E693C /* cours 12.app */ = {isa = PBXFileReference; explicitFileType = wrapper.application; includeInIndex = 0; path = "cours 12.app"; sourceTree = BUILT_PRODUCTS_DIR; };
		526AC66A1F72DE59000E693C /* AppDelegate.swift */ = {isa = PBXFileReference; lastKnownFileType = sourcecode.swift; path = AppDelegate.swift; sourceTree = "<group>"; };
		526AC66C1F72DE59000E693C /* ViewController.swift */ = {isa = PBXFileReference; lastKnownFileType = sourcecode.swift; path = ViewController.swift; sourceTree = "<group>"; };
		526AC66F1F72DE59000E693C /* Base */ = {isa = PBXFileReference; lastKnownFileType = file.storyboard; name = Base; path = Base.lproj/Main.storyboard; sourceTree = "<group>"; };
		526AC6711F72DE59000E693C /* Assets.xcassets */ = {isa = PBXFileReference; lastKnownFileType = folder.assetcatalog; path = Assets.xcassets; sourceTree = "<group>"; };
		526AC6741F72DE59000E693C /* Base */ = {isa = PBXFileReference; lastKnownFileType = file.storyboard; name = Base; path = Base.lproj/LaunchScreen.storyboard; sourceTree = "<group>"; };
		526AC6761F72DE59000E693C /* Info.plist */ = {isa = PBXFileReference; lastKnownFileType = text.plist.xml; path = Info.plist; sourceTree = "<group>"; };
		526AC67B1F72DE59000E693C /* cours 12Tests.xctest */ = {isa = PBXFileReference; explicitFileType = wrapper.cfbundle; includeInIndex = 0; path = "cours 12Tests.xctest"; sourceTree = BUILT_PRODUCTS_DIR; };
		526AC67F1F72DE59000E693C /* cours_12Tests.swift */ = {isa = PBXFileReference; lastKnownFileType = sourcecode.swift; path = cours_12Tests.swift; sourceTree = "<group>"; };
		526AC6811F72DE59000E693C /* Info.plist */ = {isa = PBXFileReference; lastKnownFileType = text.plist.xml; path = Info.plist; sourceTree = "<group>"; };
		526AC6861F72DE59000E693C /* cours 12UITests.xctest */ = {isa = PBXFileReference; explicitFileType = wrapper.cfbundle; includeInIndex = 0; path = "cours 12UITests.xctest"; sourceTree = BUILT_PRODUCTS_DIR; };
		526AC68A1F72DE59000E693C /* cours_12UITests.swift */ = {isa = PBXFileReference; lastKnownFileType = sourcecode.swift; path = cours_12UITests.swift; sourceTree = "<group>"; };
		526AC68C1F72DE59000E693C /* Info.plist */ = {isa = PBXFileReference; lastKnownFileType = text.plist.xml; path = Info.plist; sourceTree = "<group>"; };
		526AC69F1F72E76D000E693C /* front.png */ = {isa = PBXFileReference; lastKnownFileType = image.png; path = front.png; sourceTree = "<group>"; };
		526AC6A01F72E76D000E693C /* penguin.png */ = {isa = PBXFileReference; lastKnownFileType = image.png; path = penguin.png; sourceTree = "<group>"; };
		526AC6A11F72E76D000E693C /* panda.png */ = {isa = PBXFileReference; lastKnownFileType = image.png; path = panda.png; sourceTree = "<group>"; };
/* End PBXFileReference section */

/* Begin PBXFrameworksBuildPhase section */
		526AC6641F72DE59000E693C /* Frameworks */ = {
			isa = PBXFrameworksBuildPhase;
			buildActionMask = 2147483647;
			files = (
			);
			runOnlyForDeploymentPostprocessing = 0;
		};
		526AC6781F72DE59000E693C /* Frameworks */ = {
			isa = PBXFrameworksBuildPhase;
			buildActionMask = 2147483647;
			files = (
			);
			runOnlyForDeploymentPostprocessing = 0;
		};
		526AC6831F72DE59000E693C /* Frameworks */ = {
			isa = PBXFrameworksBuildPhase;
			buildActionMask = 2147483647;
			files = (
			);
			runOnlyForDeploymentPostprocessing = 0;
		};
/* End PBXFrameworksBuildPhase section */

/* Begin PBXGroup section */
		526AC65E1F72DE59000E693C = {
			isa = PBXGroup;
			children = (
				526AC6691F72DE59000E693C /* cours 12 */,
				526AC67E1F72DE59000E693C /* cours 12Tests */,
				526AC6891F72DE59000E693C /* cours 12UITests */,
				526AC6681F72DE59000E693C /* Products */,
			);
			sourceTree = "<group>";
		};
		526AC6681F72DE59000E693C /* Products */ = {
			isa = PBXGroup;
			children = (
				526AC6671F72DE59000E693C /* cours 12.app */,
				526AC67B1F72DE59000E693C /* cours 12Tests.xctest */,
				526AC6861F72DE59000E693C /* cours 12UITests.xctest */,
			);
			name = Products;
			sourceTree = "<group>";
		};
		526AC6691F72DE59000E693C /* cours 12 */ = {
			isa = PBXGroup;
			children = (
				526AC6981F72E6DC000E693C /* image */,
				526AC66A1F72DE59000E693C /* AppDelegate.swift */,
				526AC66C1F72DE59000E693C /* ViewController.swift */,
				526AC66E1F72DE59000E693C /* Main.storyboard */,
				526AC6711F72DE59000E693C /* Assets.xcassets */,
				526AC6731F72DE59000E693C /* LaunchScreen.storyboard */,
				526AC6761F72DE59000E693C /* Info.plist */,
			);
			path = "cours 12";
			sourceTree = "<group>";
		};
		526AC67E1F72DE59000E693C /* cours 12Tests */ = {
			isa = PBXGroup;
			children = (
				526AC67F1F72DE59000E693C /* cours_12Tests.swift */,
				526AC6811F72DE59000E693C /* Info.plist */,
			);
			path = "cours 12Tests";
			sourceTree = "<group>";
		};
		526AC6891F72DE59000E693C /* cours 12UITests */ = {
			isa = PBXGroup;
			children = (
				526AC68A1F72DE59000E693C /* cours_12UITests.swift */,
				526AC68C1F72DE59000E693C /* Info.plist */,
			);
			path = "cours 12UITests";
			sourceTree = "<group>";
		};
		526AC6981F72E6DC000E693C /* image */ = {
			isa = PBXGroup;
			children = (
				526AC69F1F72E76D000E693C /* front.png */,
				526AC6A11F72E76D000E693C /* panda.png */,
				526AC6A01F72E76D000E693C /* penguin.png */,
			);
			path = image;
			sourceTree = "<group>";
		};
/* End PBXGroup section */

/* Begin PBXNativeTarget section */
		526AC6661F72DE59000E693C /* cours 12 */ = {
			isa = PBXNativeTarget;
			buildConfigurationList = 526AC68F1F72DE59000E693C /* Build configuration list for PBXNativeTarget "cours 12" */;
			buildPhases = (
				526AC6631F72DE59000E693C /* Sources */,
				526AC6641F72DE59000E693C /* Frameworks */,
				526AC6651F72DE59000E693C /* Resources */,
			);
			buildRules = (
			);
			dependencies = (
			);
			name = "cours 12";
			productName = "cours 12";
			productReference = 526AC6671F72DE59000E693C /* cours 12.app */;
			productType = "com.apple.product-type.application";
		};
		526AC67A1F72DE59000E693C /* cours 12Tests */ = {
			isa = PBXNativeTarget;
			buildConfigurationList = 526AC6921F72DE59000E693C /* Build configuration list for PBXNativeTarget "cours 12Tests" */;
			buildPhases = (
				526AC6771F72DE59000E693C /* Sources */,
				526AC6781F72DE59000E693C /* Frameworks */,
				526AC6791F72DE59000E693C /* Resources */,
			);
			buildRules = (
			);
			dependencies = (
				526AC67D1F72DE59000E693C /* PBXTargetDependency */,
			);
			name = "cours 12Tests";
			productName = "cours 12Tests";
			productReference = 526AC67B1F72DE59000E693C /* cours 12Tests.xctest */;
			productType = "com.apple.product-type.bundle.unit-test";
		};
		526AC6851F72DE59000E693C /* cours 12UITests */ = {
			isa = PBXNativeTarget;
			buildConfigurationList = 526AC6951F72DE59000E693C /* Build configuration list for PBXNativeTarget "cours 12UITests" */;
			buildPhases = (
				526AC6821F72DE59000E693C /* Sources */,
				526AC6831F72DE59000E693C /* Frameworks */,
				526AC6841F72DE59000E693C /* Resources */,
			);
			buildRules = (
			);
			dependencies = (
				526AC6881F72DE59000E693C /* PBXTargetDependency */,
			);
			name = "cours 12UITests";
			productName = "cours 12UITests";
			productReference = 526AC6861F72DE59000E693C /* cours 12UITests.xctest */;
			productType = "com.apple.product-type.bundle.ui-testing";
		};
/* End PBXNativeTarget section */

/* Begin PBXProject section */
		526AC65F1F72DE59000E693C /* Project object */ = {
			isa = PBXProject;
			attributes = {
				LastSwiftUpdateCheck = 0900;
				LastUpgradeCheck = 0900;
				ORGANIZATIONNAME = "João Carlos Fernandes Neto";
				TargetAttributes = {
					526AC6661F72DE59000E693C = {
						CreatedOnToolsVersion = 9.0;
						ProvisioningStyle = Automatic;
					};
					526AC67A1F72DE59000E693C = {
						CreatedOnToolsVersion = 9.0;
						ProvisioningStyle = Automatic;
						TestTargetID = 526AC6661F72DE59000E693C;
					};
					526AC6851F72DE59000E693C = {
						CreatedOnToolsVersion = 9.0;
						ProvisioningStyle = Automatic;
						TestTargetID = 526AC6661F72DE59000E693C;
					};
				};
			};
			buildConfigurationList = 526AC6621F72DE59000E693C /* Build configuration list for PBXProject "cours 12" */;
			compatibilityVersion = "Xcode 8.0";
			developmentRegion = en;
			hasScannedForEncodings = 0;
			knownRegions = (
				en,
				Base,
			);
			mainGroup = 526AC65E1F72DE59000E693C;
			productRefGroup = 526AC6681F72DE59000E693C /* Products */;
			projectDirPath = "";
			projectRoot = "";
			targets = (
				526AC6661F72DE59000E693C /* cours 12 */,
				526AC67A1F72DE59000E693C /* cours 12Tests */,
				526AC6851F72DE59000E693C /* cours 12UITests */,
			);
		};
/* End PBXProject section */

/* Begin PBXResourcesBuildPhase section */
		526AC6651F72DE59000E693C /* Resources */ = {
			isa = PBXResourcesBuildPhase;
			buildActionMask = 2147483647;
			files = (
				526AC6751F72DE59000E693C /* LaunchScreen.storyboard in Resources */,
				526AC6A21F72E76D000E693C /* front.png in Resources */,
				526AC6A41F72E76D000E693C /* panda.png in Resources */,
				526AC6721F72DE59000E693C /* Assets.xcassets in Resources */,
				526AC6A31F72E76D000E693C /* penguin.png in Resources */,
				526AC6701F72DE59000E693C /* Main.storyboard in Resources */,
			);
			runOnlyForDeploymentPostprocessing = 0;
		};
		526AC6791F72DE59000E693C /* Resources */ = {
			isa = PBXResourcesBuildPhase;
			buildActionMask = 2147483647;
			files = (
			);
			runOnlyForDeploymentPostprocessing = 0;
		};
		526AC6841F72DE59000E693C /* Resources */ = {
			isa = PBXResourcesBuildPhase;
			buildActionMask = 2147483647;
			files = (
			);
			runOnlyForDeploymentPostprocessing = 0;
		};
/* End PBXResourcesBuildPhase section */

/* Begin PBXSourcesBuildPhase section */
		526AC6631F72DE59000E693C /* Sources */ = {
			isa = PBXSourcesBuildPhase;
			buildActionMask = 2147483647;
			files = (
				526AC66D1F72DE59000E693C /* ViewController.swift in Sources */,
				526AC66B1F72DE59000E693C /* AppDelegate.swift in Sources */,
			);
			runOnlyForDeploymentPostprocessing = 0;
		};
		526AC6771F72DE59000E693C /* Sources */ = {
			isa = PBXSourcesBuildPhase;
			buildActionMask = 2147483647;
			files = (
				526AC6801F72DE59000E693C /* cours_12Tests.swift in Sources */,
			);
			runOnlyForDeploymentPostprocessing = 0;
		};
		526AC6821F72DE59000E693C /* Sources */ = {
			isa = PBXSourcesBuildPhase;
			buildActionMask = 2147483647;
			files = (
				526AC68B1F72DE59000E693C /* cours_12UITests.swift in Sources */,
			);
			runOnlyForDeploymentPostprocessing = 0;
		};
/* End PBXSourcesBuildPhase section */

/* Begin PBXTargetDependency section */
		526AC67D1F72DE59000E693C /* PBXTargetDependency */ = {
			isa = PBXTargetDependency;
			target = 526AC6661F72DE59000E693C /* cours 12 */;
			targetProxy = 526AC67C1F72DE59000E693C /* PBXContainerItemProxy */;
		};
		526AC6881F72DE59000E693C /* PBXTargetDependency */ = {
			isa = PBXTargetDependency;
			target = 526AC6661F72DE59000E693C /* cours 12 */;
			targetProxy = 526AC6871F72DE59000E693C /* PBXContainerItemProxy */;
		};
/* End PBXTargetDependency section */

/* Begin PBXVariantGroup section */
		526AC66E1F72DE59000E693C /* Main.storyboard */ = {
			isa = PBXVariantGroup;
			children = (
				526AC66F1F72DE59000E693C /* Base */,
			);
			name = Main.storyboard;
			sourceTree = "<group>";
		};
		526AC6731F72DE59000E693C /* LaunchScreen.storyboard */ = {
			isa = PBXVariantGroup;
			children = (
				526AC6741F72DE59000E693C /* Base */,
			);
			name = LaunchScreen.storyboard;
			sourceTree = "<group>";
		};
/* End PBXVariantGroup section */

/* Begin XCBuildConfiguration section */
		526AC68D1F72DE59000E693C /* Debug */ = {
			isa = XCBuildConfiguration;
			buildSettings = {
				ALWAYS_SEARCH_USER_PATHS = NO;
				CLANG_ANALYZER_NONNULL = YES;
				CLANG_ANALYZER_NUMBER_OBJECT_CONVERSION = YES_AGGRESSIVE;
				CLANG_CXX_LANGUAGE_STANDARD = "gnu++14";
				CLANG_CXX_LIBRARY = "libc++";
				CLANG_ENABLE_MODULES = YES;
				CLANG_ENABLE_OBJC_ARC = YES;
				CLANG_WARN_BLOCK_CAPTURE_AUTORELEASING = YES;
				CLANG_WARN_BOOL_CONVERSION = YES;
				CLANG_WARN_COMMA = YES;
				CLANG_WARN_CONSTANT_CONVERSION = YES;
				CLANG_WARN_DIRECT_OBJC_ISA_USAGE = YES_ERROR;
				CLANG_WARN_DOCUMENTATION_COMMENTS = YES;
				CLANG_WARN_EMPTY_BODY = YES;
				CLANG_WARN_ENUM_CONVERSION = YES;
				CLANG_WARN_INFINITE_RECURSION = YES;
				CLANG_WARN_INT_CONVERSION = YES;
				CLANG_WARN_NON_LITERAL_NULL_CONVERSION = YES;
				CLANG_WARN_OBJC_LITERAL_CONVERSION = YES;
				CLANG_WARN_OBJC_ROOT_CLASS = YES_ERROR;
				CLANG_WARN_RANGE_LOOP_ANALYSIS = YES;
				CLANG_WARN_STRICT_PROTOTYPES = YES;
				CLANG_WARN_SUSPICIOUS_MOVE = YES;
				CLANG_WARN_UNGUARDED_AVAILABILITY = YES_AGGRESSIVE;
				CLANG_WARN_UNREACHABLE_CODE = YES;
				CLANG_WARN__DUPLICATE_METHOD_MATCH = YES;
				CODE_SIGN_IDENTITY = "iPhone Developer";
				COPY_PHASE_STRIP = NO;
				DEBUG_INFORMATION_FORMAT = dwarf;
				ENABLE_STRICT_OBJC_MSGSEND = YES;
				ENABLE_TESTABILITY = YES;
				GCC_C_LANGUAGE_STANDARD = gnu11;
				GCC_DYNAMIC_NO_PIC = NO;
				GCC_NO_COMMON_BLOCKS = YES;
				GCC_OPTIMIZATION_LEVEL = 0;
				GCC_PREPROCESSOR_DEFINITIONS = (
					"DEBUG=1",
					"$(inherited)",
				);
				GCC_WARN_64_TO_32_BIT_CONVERSION = YES;
				GCC_WARN_ABOUT_RETURN_TYPE = YES_ERROR;
				GCC_WARN_UNDECLARED_SELECTOR = YES;
				GCC_WARN_UNINITIALIZED_AUTOS = YES_AGGRESSIVE;
				GCC_WARN_UNUSED_FUNCTION = YES;
				GCC_WARN_UNUSED_VARIABLE = YES;
				IPHONEOS_DEPLOYMENT_TARGET = 11.0;
				MTL_ENABLE_DEBUG_INFO = YES;
				ONLY_ACTIVE_ARCH = YES;
				SDKROOT = iphoneos;
				SWIFT_ACTIVE_COMPILATION_CONDITIONS = DEBUG;
				SWIFT_OPTIMIZATION_LEVEL = "-Onone";
			};
			name = Debug;
		};
		526AC68E1F72DE59000E693C /* Release */ = {
			isa = XCBuildConfiguration;
			buildSettings = {
				ALWAYS_SEARCH_USER_PATHS = NO;
				CLANG_ANALYZER_NONNULL = YES;
				CLANG_ANALYZER_NUMBER_OBJECT_CONVERSION = YES_AGGRESSIVE;
				CLANG_CXX_LANGUAGE_STANDARD = "gnu++14";
				CLANG_CXX_LIBRARY = "libc++";
				CLANG_ENABLE_MODULES = YES;
				CLANG_ENABLE_OBJC_ARC = YES;
				CLANG_WARN_BLOCK_CAPTURE_AUTORELEASING = YES;
				CLANG_WARN_BOOL_CONVERSION = YES;
				CLANG_WARN_COMMA = YES;
				CLANG_WARN_CONSTANT_CONVERSION = YES;
				CLANG_WARN_DIRECT_OBJC_ISA_USAGE = YES_ERROR;
				CLANG_WARN_DOCUMENTATION_COMMENTS = YES;
				CLANG_WARN_EMPTY_BODY = YES;
				CLANG_WARN_ENUM_CONVERSION = YES;
				CLANG_WARN_INFINITE_RECURSION = YES;
				CLANG_WARN_INT_CONVERSION = YES;
				CLANG_WARN_NON_LITERAL_NULL_CONVERSION = YES;
				CLANG_WARN_OBJC_LITERAL_CONVERSION = YES;
				CLANG_WARN_OBJC_ROOT_CLASS = YES_ERROR;
				CLANG_WARN_RANGE_LOOP_ANALYSIS = YES;
				CLANG_WARN_STRICT_PROTOTYPES = YES;
				CLANG_WARN_SUSPICIOUS_MOVE = YES;
				CLANG_WARN_UNGUARDED_AVAILABILITY = YES_AGGRESSIVE;
				CLANG_WARN_UNREACHABLE_CODE = YES;
				CLANG_WARN__DUPLICATE_METHOD_MATCH = YES;
				CODE_SIGN_IDENTITY = "iPhone Developer";
				COPY_PHASE_STRIP = NO;
				DEBUG_INFORMATION_FORMAT = "dwarf-with-dsym";
				ENABLE_NS_ASSERTIONS = NO;
				ENABLE_STRICT_OBJC_MSGSEND = YES;
				GCC_C_LANGUAGE_STANDARD = gnu11;
				GCC_NO_COMMON_BLOCKS = YES;
				GCC_WARN_64_TO_32_BIT_CONVERSION = YES;
				GCC_WARN_ABOUT_RETURN_TYPE = YES_ERROR;
				GCC_WARN_UNDECLARED_SELECTOR = YES;
				GCC_WARN_UNINITIALIZED_AUTOS = YES_AGGRESSIVE;
				GCC_WARN_UNUSED_FUNCTION = YES;
				GCC_WARN_UNUSED_VARIABLE = YES;
				IPHONEOS_DEPLOYMENT_TARGET = 11.0;
				MTL_ENABLE_DEBUG_INFO = NO;
				SDKROOT = iphoneos;
				SWIFT_OPTIMIZATION_LEVEL = "-Owholemodule";
				VALIDATE_PRODUCT = YES;
			};
			name = Release;
		};
		526AC6901F72DE59000E693C /* Debug */ = {
			isa = XCBuildConfiguration;
			buildSettings = {
				ASSETCATALOG_COMPILER_APPICON_NAME = AppIcon;
				CODE_SIGN_STYLE = Automatic;
				INFOPLIST_FILE = "cours 12/Info.plist";
				LD_RUNPATH_SEARCH_PATHS = "$(inherited) @executable_path/Frameworks";
				PRODUCT_BUNDLE_IDENTIFIER = "jcneto.com.cours-12";
				PRODUCT_NAME = "$(TARGET_NAME)";
				SWIFT_VERSION = 4.0;
				TARGETED_DEVICE_FAMILY = "1,2";
			};
			name = Debug;
		};
		526AC6911F72DE59000E693C /* Release */ = {
			isa = XCBuildConfiguration;
			buildSettings = {
				ASSETCATALOG_COMPILER_APPICON_NAME = AppIcon;
				CODE_SIGN_STYLE = Automatic;
				INFOPLIST_FILE = "cours 12/Info.plist";
				LD_RUNPATH_SEARCH_PATHS = "$(inherited) @executable_path/Frameworks";
				PRODUCT_BUNDLE_IDENTIFIER = "jcneto.com.cours-12";
				PRODUCT_NAME = "$(TARGET_NAME)";
				SWIFT_VERSION = 4.0;
				TARGETED_DEVICE_FAMILY = "1,2";
			};
			name = Release;
		};
		526AC6931F72DE59000E693C /* Debug */ = {
			isa = XCBuildConfiguration;
			buildSettings = {
				ALWAYS_EMBED_SWIFT_STANDARD_LIBRARIES = YES;
				BUNDLE_LOADER = "$(TEST_HOST)";
				CODE_SIGN_STYLE = Automatic;
				INFOPLIST_FILE = "cours 12Tests/Info.plist";
				LD_RUNPATH_SEARCH_PATHS = "$(inherited) @executable_path/Frameworks @loader_path/Frameworks";
				PRODUCT_BUNDLE_IDENTIFIER = "jcneto.com.cours-12Tests";
				PRODUCT_NAME = "$(TARGET_NAME)";
				SWIFT_VERSION = 4.0;
				TARGETED_DEVICE_FAMILY = "1,2";
				TEST_HOST = "$(BUILT_PRODUCTS_DIR)/cours 12.app/cours 12";
			};
			name = Debug;
		};
		526AC6941F72DE59000E693C /* Release */ = {
			isa = XCBuildConfiguration;
			buildSettings = {
				ALWAYS_EMBED_SWIFT_STANDARD_LIBRARIES = YES;
				BUNDLE_LOADER = "$(TEST_HOST)";
				CODE_SIGN_STYLE = Automatic;
				INFOPLIST_FILE = "cours 12Tests/Info.plist";
				LD_RUNPATH_SEARCH_PATHS = "$(inherited) @executable_path/Frameworks @loader_path/Frameworks";
				PRODUCT_BUNDLE_IDENTIFIER = "jcneto.com.cours-12Tests";
				PRODUCT_NAME = "$(TARGET_NAME)";
				SWIFT_VERSION = 4.0;
				TARGETED_DEVICE_FAMILY = "1,2";
				TEST_HOST = "$(BUILT_PRODUCTS_DIR)/cours 12.app/cours 12";
			};
			name = Release;
		};
		526AC6961F72DE59000E693C /* Debug */ = {
			isa = XCBuildConfiguration;
			buildSettings = {
				ALWAYS_EMBED_SWIFT_STANDARD_LIBRARIES = YES;
				CODE_SIGN_STYLE = Automatic;
				INFOPLIST_FILE = "cours 12UITests/Info.plist";
				LD_RUNPATH_SEARCH_PATHS = "$(inherited) @executable_path/Frameworks @loader_path/Frameworks";
				PRODUCT_BUNDLE_IDENTIFIER = "jcneto.com.cours-12UITests";
				PRODUCT_NAME = "$(TARGET_NAME)";
				SWIFT_VERSION = 4.0;
				TARGETED_DEVICE_FAMILY = "1,2";
				TEST_TARGET_NAME = "cours 12";
			};
			name = Debug;
		};
		526AC6971F72DE59000E693C /* Release */ = {
			isa = XCBuildConfiguration;
			buildSettings = {
				ALWAYS_EMBED_SWIFT_STANDARD_LIBRARIES = YES;
				CODE_SIGN_STYLE = Automatic;
				INFOPLIST_FILE = "cours 12UITests/Info.plist";
				LD_RUNPATH_SEARCH_PATHS = "$(inherited) @executable_path/Frameworks @loader_path/Frameworks";
				PRODUCT_BUNDLE_IDENTIFIER = "jcneto.com.cours-12UITests";
				PRODUCT_NAME = "$(TARGET_NAME)";
				SWIFT_VERSION = 4.0;
				TARGETED_DEVICE_FAMILY = "1,2";
				TEST_TARGET_NAME = "cours 12";
			};
			name = Release;
		};
/* End XCBuildConfiguration section */

/* Begin XCConfigurationList section */
		526AC6621F72DE59000E693C /* Build configuration list for PBXProject "cours 12" */ = {
			isa = XCConfigurationList;
			buildConfigurations = (
				526AC68D1F72DE59000E693C /* Debug */,
				526AC68E1F72DE59000E693C /* Release */,
			);
			defaultConfigurationIsVisible = 0;
			defaultConfigurationName = Release;
		};
		526AC68F1F72DE59000E693C /* Build configuration list for PBXNativeTarget "cours 12" */ = {
			isa = XCConfigurationList;
			buildConfigurations = (
				526AC6901F72DE59000E693C /* Debug */,
				526AC6911F72DE59000E693C /* Release */,
			);
			defaultConfigurationIsVisible = 0;
			defaultConfigurationName = Release;
		};
		526AC6921F72DE59000E693C /* Build configuration list for PBXNativeTarget "cours 12Tests" */ = {
			isa = XCConfigurationList;
			buildConfigurations = (
				526AC6931F72DE59000E693C /* Debug */,
				526AC6941F72DE59000E693C /* Release */,
			);
			defaultConfigurationIsVisible = 0;
			defaultConfigurationName = Release;
		};
		526AC6951F72DE59000E693C /* Build configuration list for PBXNativeTarget "cours 12UITests" */ = {
			isa = XCConfigurationList;
			buildConfigurations = (
				526AC6961F72DE59000E693C /* Debug */,
				526AC6971F72DE59000E693C /* Release */,
			);
			defaultConfigurationIsVisible = 0;
			defaultConfigurationName = Release;
		};
/* End XCConfigurationList section */
	};
	rootObject = 526AC65F1F72DE59000E693C /* Project object */;
}
